
Microsoft Visual Studio Solution File, Format Version 12.00
# Visual Studio Version 17
VisualStudioVersion = 17.5.002.0
MinimumVisualStudioVersion = 10.0.40219.1
Project("{9A19103F-16F7-4668-BE54-9A1E7A4F7556}") = "Dijkstra", "Dijkstra.csproj", "{5ACBEBEE-5C0C-4232-8E16-D730C5F536AF}"
EndProject
Global
	GlobalSection(SolutionConfigurationPlatforms) = preSolution
		Debug|Any CPU = Debug|Any CPU
		Release|Any CPU = Release|Any CPU
	EndGlobalSection
	GlobalSection(ProjectConfigurationPlatforms) = postSolution
		{5ACBEBEE-5C0C-4232-8E16-D730C5F536AF}.Debug|Any CPU.ActiveCfg = Debug|Any CPU
		{5ACBEBEE-5C0C-4232-8E16-D730C5F536AF}.Debug|Any CPU.Build.0 = Debug|Any CPU
		{5ACBEBEE-5C0C-4232-8E16-D730C5F536AF}.Release|Any CPU.ActiveCfg = Release|Any CPU
		{5ACBEBEE-5C0C-4232-8E16-D730C5F536AF}.Release|Any CPU.Build.0 = Release|Any CPU
	EndGlobalSection
	GlobalSection(SolutionProperties) = preSolution
		HideSolutionNode = FALSE
	EndGlobalSection
	GlobalSection(ExtensibilityGlobals) = postSolution
		SolutionGuid = {54CD257E-F6B0-4EF3-8E95-2DD019FC00FF}
	EndGlobalSection
EndGlobal
