
Microsoft Visual Studio Solution File, Format Version 12.00
# Visual Studio Version 17
VisualStudioVersion = 17.5.002.0
MinimumVisualStudioVersion = 10.0.40219.1
Project("{9A19103F-16F7-4668-BE54-9A1E7A4F7556}") = "PesquisaBinaria", "PesquisaBinaria\PesquisaBinaria.csproj", "{23EABDCC-1021-4FEF-85A2-35CD8224B7D6}"
EndProject
Global
	GlobalSection(SolutionConfigurationPlatforms) = preSolution
		Debug|Any CPU = Debug|Any CPU
		Release|Any CPU = Release|Any CPU
	EndGlobalSection
	GlobalSection(ProjectConfigurationPlatforms) = postSolution
		{23EABDCC-1021-4FEF-85A2-35CD8224B7D6}.Debug|Any CPU.ActiveCfg = Debug|Any CPU
		{23EABDCC-1021-4FEF-85A2-35CD8224B7D6}.Debug|Any CPU.Build.0 = Debug|Any CPU
		{23EABDCC-1021-4FEF-85A2-35CD8224B7D6}.Release|Any CPU.ActiveCfg = Release|Any CPU
		{23EABDCC-1021-4FEF-85A2-35CD8224B7D6}.Release|Any CPU.Build.0 = Release|Any CPU
	EndGlobalSection
	GlobalSection(SolutionProperties) = preSolution
		HideSolutionNode = FALSE
	EndGlobalSection
	GlobalSection(ExtensibilityGlobals) = postSolution
		SolutionGuid = {B0B98AD5-4789-42CC-B94F-36A233F33529}
	EndGlobalSection
EndGlobal
